
Microsoft Visual Studio Solution File, Format Version 12.00
# Visual Studio 15
VisualStudioVersion = 15.0.26206.0
MinimumVisualStudioVersion = 10.0.40219.1
Project("{9A19103F-16F7-4668-BE54-9A1E7A4F7556}") = "Project1.ConsoleClient", "Project1.ConsoleClient\Project1.ConsoleClient.csproj", "{01C112C4-C9E4-44B2-ABB8-C91115DC30F8}"
EndProject
Project("{FAE04EC0-301F-11D3-BF4B-00C04F79EFBC}") = "Project1.Common", "Project1.Common\Project1.Common.csproj", "{CBA95802-AB3C-4C4D-8F9E-9390EB4B6947}"
EndProject
Project("{9A19103F-16F7-4668-BE54-9A1E7A4F7556}") = "Project1.Application.API", "Project1.Application.API\Project1.Application.API.csproj", "{ED60DBA5-2654-4136-AFA2-DFDDFC06468A}"
EndProject
Project("{FAE04EC0-301F-11D3-BF4B-00C04F79EFBC}") = "Project1.Test", "Project1.Test\Project1.Test.csproj", "{D348DF2D-2740-4CE5-B348-602ED3D9736C}"
EndProject
Global
	GlobalSection(SolutionConfigurationPlatforms) = preSolution
		Debug|Any CPU = Debug|Any CPU
		Debug|x64 = Debug|x64
		Debug|x86 = Debug|x86
		Release|Any CPU = Release|Any CPU
		Release|x64 = Release|x64
		Release|x86 = Release|x86
	EndGlobalSection
	GlobalSection(ProjectConfigurationPlatforms) = postSolution
		{01C112C4-C9E4-44B2-ABB8-C91115DC30F8}.Debug|Any CPU.ActiveCfg = Debug|Any CPU
		{01C112C4-C9E4-44B2-ABB8-C91115DC30F8}.Debug|Any CPU.Build.0 = Debug|Any CPU
		{01C112C4-C9E4-44B2-ABB8-C91115DC30F8}.Debug|x64.ActiveCfg = Debug|x64
		{01C112C4-C9E4-44B2-ABB8-C91115DC30F8}.Debug|x64.Build.0 = Debug|x64
		{01C112C4-C9E4-44B2-ABB8-C91115DC30F8}.Debug|x86.ActiveCfg = Debug|x86
		{01C112C4-C9E4-44B2-ABB8-C91115DC30F8}.Debug|x86.Build.0 = Debug|x86
		{01C112C4-C9E4-44B2-ABB8-C91115DC30F8}.Release|Any CPU.ActiveCfg = Release|Any CPU
		{01C112C4-C9E4-44B2-ABB8-C91115DC30F8}.Release|Any CPU.Build.0 = Release|Any CPU
		{01C112C4-C9E4-44B2-ABB8-C91115DC30F8}.Release|x64.ActiveCfg = Release|x64
		{01C112C4-C9E4-44B2-ABB8-C91115DC30F8}.Release|x64.Build.0 = Release|x64
		{01C112C4-C9E4-44B2-ABB8-C91115DC30F8}.Release|x86.ActiveCfg = Release|x86
		{01C112C4-C9E4-44B2-ABB8-C91115DC30F8}.Release|x86.Build.0 = Release|x86
		{CBA95802-AB3C-4C4D-8F9E-9390EB4B6947}.Debug|Any CPU.ActiveCfg = Debug|Any CPU
		{CBA95802-AB3C-4C4D-8F9E-9390EB4B6947}.Debug|Any CPU.Build.0 = Debug|Any CPU
		{CBA95802-AB3C-4C4D-8F9E-9390EB4B6947}.Debug|x64.ActiveCfg = Debug|Any CPU
		{CBA95802-AB3C-4C4D-8F9E-9390EB4B6947}.Debug|x64.Build.0 = Debug|Any CPU
		{CBA95802-AB3C-4C4D-8F9E-9390EB4B6947}.Debug|x86.ActiveCfg = Debug|Any CPU
		{CBA95802-AB3C-4C4D-8F9E-9390EB4B6947}.Debug|x86.Build.0 = Debug|Any CPU
		{CBA95802-AB3C-4C4D-8F9E-9390EB4B6947}.Release|Any CPU.ActiveCfg = Release|Any CPU
		{CBA95802-AB3C-4C4D-8F9E-9390EB4B6947}.Release|Any CPU.Build.0 = Release|Any CPU
		{CBA95802-AB3C-4C4D-8F9E-9390EB4B6947}.Release|x64.ActiveCfg = Release|Any CPU
		{CBA95802-AB3C-4C4D-8F9E-9390EB4B6947}.Release|x64.Build.0 = Release|Any CPU
		{CBA95802-AB3C-4C4D-8F9E-9390EB4B6947}.Release|x86.ActiveCfg = Release|Any CPU
		{CBA95802-AB3C-4C4D-8F9E-9390EB4B6947}.Release|x86.Build.0 = Release|Any CPU
		{ED60DBA5-2654-4136-AFA2-DFDDFC06468A}.Debug|Any CPU.ActiveCfg = Debug|Any CPU
		{ED60DBA5-2654-4136-AFA2-DFDDFC06468A}.Debug|Any CPU.Build.0 = Debug|Any CPU
		{ED60DBA5-2654-4136-AFA2-DFDDFC06468A}.Debug|x64.ActiveCfg = Debug|x64
		{ED60DBA5-2654-4136-AFA2-DFDDFC06468A}.Debug|x64.Build.0 = Debug|x64
		{ED60DBA5-2654-4136-AFA2-DFDDFC06468A}.Debug|x86.ActiveCfg = Debug|x86
		{ED60DBA5-2654-4136-AFA2-DFDDFC06468A}.Debug|x86.Build.0 = Debug|x86
		{ED60DBA5-2654-4136-AFA2-DFDDFC06468A}.Release|Any CPU.ActiveCfg = Release|Any CPU
		{ED60DBA5-2654-4136-AFA2-DFDDFC06468A}.Release|Any CPU.Build.0 = Release|Any CPU
		{ED60DBA5-2654-4136-AFA2-DFDDFC06468A}.Release|x64.ActiveCfg = Release|x64
		{ED60DBA5-2654-4136-AFA2-DFDDFC06468A}.Release|x64.Build.0 = Release|x64
		{ED60DBA5-2654-4136-AFA2-DFDDFC06468A}.Release|x86.ActiveCfg = Release|x86
		{ED60DBA5-2654-4136-AFA2-DFDDFC06468A}.Release|x86.Build.0 = Release|x86
		{D348DF2D-2740-4CE5-B348-602ED3D9736C}.Debug|Any CPU.ActiveCfg = Debug|Any CPU
		{D348DF2D-2740-4CE5-B348-602ED3D9736C}.Debug|Any CPU.Build.0 = Debug|Any CPU
		{D348DF2D-2740-4CE5-B348-602ED3D9736C}.Debug|x64.ActiveCfg = Debug|Any CPU
		{D348DF2D-2740-4CE5-B348-602ED3D9736C}.Debug|x64.Build.0 = Debug|Any CPU
		{D348DF2D-2740-4CE5-B348-602ED3D9736C}.Debug|x86.ActiveCfg = Debug|Any CPU
		{D348DF2D-2740-4CE5-B348-602ED3D9736C}.Debug|x86.Build.0 = Debug|Any CPU
		{D348DF2D-2740-4CE5-B348-602ED3D9736C}.Release|Any CPU.ActiveCfg = Release|Any CPU
		{D348DF2D-2740-4CE5-B348-602ED3D9736C}.Release|Any CPU.Build.0 = Release|Any CPU
		{D348DF2D-2740-4CE5-B348-602ED3D9736C}.Release|x64.ActiveCfg = Release|Any CPU
		{D348DF2D-2740-4CE5-B348-602ED3D9736C}.Release|x64.Build.0 = Release|Any CPU
		{D348DF2D-2740-4CE5-B348-602ED3D9736C}.Release|x86.ActiveCfg = Release|Any CPU
		{D348DF2D-2740-4CE5-B348-602ED3D9736C}.Release|x86.Build.0 = Release|Any CPU
	EndGlobalSection
	GlobalSection(SolutionProperties) = preSolution
		HideSolutionNode = FALSE
	EndGlobalSection
EndGlobal
