
Microsoft Visual Studio Solution File, Format Version 12.00
# Visual Studio 15
VisualStudioVersion = 15.0.26206.0
MinimumVisualStudioVersion = 10.0.40219.1
Project("{FAE04EC0-301F-11D3-BF4B-00C04F79EFBC}") = "Project1.Common", "Project1.Common\Project1.Common.csproj", "{CBA95802-AB3C-4C4D-8F9E-9390EB4B6947}"
EndProject
Project("{9A19103F-16F7-4668-BE54-9A1E7A4F7556}") = "Project1.Application.API", "Project1.Application.API\Project1.Application.API.csproj", "{ED60DBA5-2654-4136-AFA2-DFDDFC06468A}"
EndProject
Project("{FAE04EC0-301F-11D3-BF4B-00C04F79EFBC}") = "Project1.Test", "Project1.Test\Project1.Test.csproj", "{D348DF2D-2740-4CE5-B348-602ED3D9736C}"
EndProject
Project("{FAE04EC0-301F-11D3-BF4B-00C04F79EFBC}") = "Project1.WriteSide", "Project1.WriteSide\Project1.WriteSide.csproj", "{3FDD7EF5-AB69-432A-AF8E-89D5622FA1E3}"
EndProject
Project("{FAE04EC0-301F-11D3-BF4B-00C04F79EFBC}") = "Project1.Domain", "Project1.Domain\Project1.Domain.csproj", "{CFAC0EB5-33A3-4BF5-A262-1472E10633A3}"
EndProject
Project("{FAE04EC0-301F-11D3-BF4B-00C04F79EFBC}") = "Project1.ReadSide", "Project1.ReadSide\Project1.ReadSide.csproj", "{E9966AF8-FEFB-4141-9350-F9945A7D146F}"
EndProject
Project("{FAE04EC0-301F-11D3-BF4B-00C04F79EFBC}") = "Project1.Informer", "Project1.Informer\Project1.Informer.csproj", "{268B09B8-EBF5-48B6-8C03-775A50C0A6A7}"
EndProject
Project("{FAE04EC0-301F-11D3-BF4B-00C04F79EFBC}") = "Project1.Client", "Project1.Client\Project1.Client.csproj", "{F4335BD2-8572-4AAD-B3AD-78BC248B5702}"
EndProject
Global
	GlobalSection(SolutionConfigurationPlatforms) = preSolution
		Debug|Any CPU = Debug|Any CPU
		Debug|x64 = Debug|x64
		Debug|x86 = Debug|x86
		Release|Any CPU = Release|Any CPU
		Release|x64 = Release|x64
		Release|x86 = Release|x86
	EndGlobalSection
	GlobalSection(ProjectConfigurationPlatforms) = postSolution
		{CBA95802-AB3C-4C4D-8F9E-9390EB4B6947}.Debug|Any CPU.ActiveCfg = Debug|Any CPU
		{CBA95802-AB3C-4C4D-8F9E-9390EB4B6947}.Debug|Any CPU.Build.0 = Debug|Any CPU
		{CBA95802-AB3C-4C4D-8F9E-9390EB4B6947}.Debug|x64.ActiveCfg = Debug|Any CPU
		{CBA95802-AB3C-4C4D-8F9E-9390EB4B6947}.Debug|x64.Build.0 = Debug|Any CPU
		{CBA95802-AB3C-4C4D-8F9E-9390EB4B6947}.Debug|x86.ActiveCfg = Debug|Any CPU
		{CBA95802-AB3C-4C4D-8F9E-9390EB4B6947}.Debug|x86.Build.0 = Debug|Any CPU
		{CBA95802-AB3C-4C4D-8F9E-9390EB4B6947}.Release|Any CPU.ActiveCfg = Release|Any CPU
		{CBA95802-AB3C-4C4D-8F9E-9390EB4B6947}.Release|Any CPU.Build.0 = Release|Any CPU
		{CBA95802-AB3C-4C4D-8F9E-9390EB4B6947}.Release|x64.ActiveCfg = Release|Any CPU
		{CBA95802-AB3C-4C4D-8F9E-9390EB4B6947}.Release|x64.Build.0 = Release|Any CPU
		{CBA95802-AB3C-4C4D-8F9E-9390EB4B6947}.Release|x86.ActiveCfg = Release|Any CPU
		{CBA95802-AB3C-4C4D-8F9E-9390EB4B6947}.Release|x86.Build.0 = Release|Any CPU
		{ED60DBA5-2654-4136-AFA2-DFDDFC06468A}.Debug|Any CPU.ActiveCfg = Debug|Any CPU
		{ED60DBA5-2654-4136-AFA2-DFDDFC06468A}.Debug|Any CPU.Build.0 = Debug|Any CPU
		{ED60DBA5-2654-4136-AFA2-DFDDFC06468A}.Debug|x64.ActiveCfg = Debug|x64
		{ED60DBA5-2654-4136-AFA2-DFDDFC06468A}.Debug|x64.Build.0 = Debug|x64
		{ED60DBA5-2654-4136-AFA2-DFDDFC06468A}.Debug|x86.ActiveCfg = Debug|x86
		{ED60DBA5-2654-4136-AFA2-DFDDFC06468A}.Debug|x86.Build.0 = Debug|x86
		{ED60DBA5-2654-4136-AFA2-DFDDFC06468A}.Release|Any CPU.ActiveCfg = Release|Any CPU
		{ED60DBA5-2654-4136-AFA2-DFDDFC06468A}.Release|Any CPU.Build.0 = Release|Any CPU
		{ED60DBA5-2654-4136-AFA2-DFDDFC06468A}.Release|x64.ActiveCfg = Release|x64
		{ED60DBA5-2654-4136-AFA2-DFDDFC06468A}.Release|x64.Build.0 = Release|x64
		{ED60DBA5-2654-4136-AFA2-DFDDFC06468A}.Release|x86.ActiveCfg = Release|x86
		{ED60DBA5-2654-4136-AFA2-DFDDFC06468A}.Release|x86.Build.0 = Release|x86
		{D348DF2D-2740-4CE5-B348-602ED3D9736C}.Debug|Any CPU.ActiveCfg = Debug|Any CPU
		{D348DF2D-2740-4CE5-B348-602ED3D9736C}.Debug|Any CPU.Build.0 = Debug|Any CPU
		{D348DF2D-2740-4CE5-B348-602ED3D9736C}.Debug|x64.ActiveCfg = Debug|Any CPU
		{D348DF2D-2740-4CE5-B348-602ED3D9736C}.Debug|x64.Build.0 = Debug|Any CPU
		{D348DF2D-2740-4CE5-B348-602ED3D9736C}.Debug|x86.ActiveCfg = Debug|Any CPU
		{D348DF2D-2740-4CE5-B348-602ED3D9736C}.Debug|x86.Build.0 = Debug|Any CPU
		{D348DF2D-2740-4CE5-B348-602ED3D9736C}.Release|Any CPU.ActiveCfg = Release|Any CPU
		{D348DF2D-2740-4CE5-B348-602ED3D9736C}.Release|Any CPU.Build.0 = Release|Any CPU
		{D348DF2D-2740-4CE5-B348-602ED3D9736C}.Release|x64.ActiveCfg = Release|Any CPU
		{D348DF2D-2740-4CE5-B348-602ED3D9736C}.Release|x64.Build.0 = Release|Any CPU
		{D348DF2D-2740-4CE5-B348-602ED3D9736C}.Release|x86.ActiveCfg = Release|Any CPU
		{D348DF2D-2740-4CE5-B348-602ED3D9736C}.Release|x86.Build.0 = Release|Any CPU
		{3FDD7EF5-AB69-432A-AF8E-89D5622FA1E3}.Debug|Any CPU.ActiveCfg = Debug|Any CPU
		{3FDD7EF5-AB69-432A-AF8E-89D5622FA1E3}.Debug|Any CPU.Build.0 = Debug|Any CPU
		{3FDD7EF5-AB69-432A-AF8E-89D5622FA1E3}.Debug|x64.ActiveCfg = Debug|Any CPU
		{3FDD7EF5-AB69-432A-AF8E-89D5622FA1E3}.Debug|x64.Build.0 = Debug|Any CPU
		{3FDD7EF5-AB69-432A-AF8E-89D5622FA1E3}.Debug|x86.ActiveCfg = Debug|Any CPU
		{3FDD7EF5-AB69-432A-AF8E-89D5622FA1E3}.Debug|x86.Build.0 = Debug|Any CPU
		{3FDD7EF5-AB69-432A-AF8E-89D5622FA1E3}.Release|Any CPU.ActiveCfg = Release|Any CPU
		{3FDD7EF5-AB69-432A-AF8E-89D5622FA1E3}.Release|Any CPU.Build.0 = Release|Any CPU
		{3FDD7EF5-AB69-432A-AF8E-89D5622FA1E3}.Release|x64.ActiveCfg = Release|Any CPU
		{3FDD7EF5-AB69-432A-AF8E-89D5622FA1E3}.Release|x64.Build.0 = Release|Any CPU
		{3FDD7EF5-AB69-432A-AF8E-89D5622FA1E3}.Release|x86.ActiveCfg = Release|Any CPU
		{3FDD7EF5-AB69-432A-AF8E-89D5622FA1E3}.Release|x86.Build.0 = Release|Any CPU
		{CFAC0EB5-33A3-4BF5-A262-1472E10633A3}.Debug|Any CPU.ActiveCfg = Debug|Any CPU
		{CFAC0EB5-33A3-4BF5-A262-1472E10633A3}.Debug|Any CPU.Build.0 = Debug|Any CPU
		{CFAC0EB5-33A3-4BF5-A262-1472E10633A3}.Debug|x64.ActiveCfg = Debug|Any CPU
		{CFAC0EB5-33A3-4BF5-A262-1472E10633A3}.Debug|x64.Build.0 = Debug|Any CPU
		{CFAC0EB5-33A3-4BF5-A262-1472E10633A3}.Debug|x86.ActiveCfg = Debug|Any CPU
		{CFAC0EB5-33A3-4BF5-A262-1472E10633A3}.Debug|x86.Build.0 = Debug|Any CPU
		{CFAC0EB5-33A3-4BF5-A262-1472E10633A3}.Release|Any CPU.ActiveCfg = Release|Any CPU
		{CFAC0EB5-33A3-4BF5-A262-1472E10633A3}.Release|Any CPU.Build.0 = Release|Any CPU
		{CFAC0EB5-33A3-4BF5-A262-1472E10633A3}.Release|x64.ActiveCfg = Release|Any CPU
		{CFAC0EB5-33A3-4BF5-A262-1472E10633A3}.Release|x64.Build.0 = Release|Any CPU
		{CFAC0EB5-33A3-4BF5-A262-1472E10633A3}.Release|x86.ActiveCfg = Release|Any CPU
		{CFAC0EB5-33A3-4BF5-A262-1472E10633A3}.Release|x86.Build.0 = Release|Any CPU
		{E9966AF8-FEFB-4141-9350-F9945A7D146F}.Debug|Any CPU.ActiveCfg = Debug|Any CPU
		{E9966AF8-FEFB-4141-9350-F9945A7D146F}.Debug|Any CPU.Build.0 = Debug|Any CPU
		{E9966AF8-FEFB-4141-9350-F9945A7D146F}.Debug|x64.ActiveCfg = Debug|Any CPU
		{E9966AF8-FEFB-4141-9350-F9945A7D146F}.Debug|x64.Build.0 = Debug|Any CPU
		{E9966AF8-FEFB-4141-9350-F9945A7D146F}.Debug|x86.ActiveCfg = Debug|Any CPU
		{E9966AF8-FEFB-4141-9350-F9945A7D146F}.Debug|x86.Build.0 = Debug|Any CPU
		{E9966AF8-FEFB-4141-9350-F9945A7D146F}.Release|Any CPU.ActiveCfg = Release|Any CPU
		{E9966AF8-FEFB-4141-9350-F9945A7D146F}.Release|Any CPU.Build.0 = Release|Any CPU
		{E9966AF8-FEFB-4141-9350-F9945A7D146F}.Release|x64.ActiveCfg = Release|Any CPU
		{E9966AF8-FEFB-4141-9350-F9945A7D146F}.Release|x64.Build.0 = Release|Any CPU
		{E9966AF8-FEFB-4141-9350-F9945A7D146F}.Release|x86.ActiveCfg = Release|Any CPU
		{E9966AF8-FEFB-4141-9350-F9945A7D146F}.Release|x86.Build.0 = Release|Any CPU
		{268B09B8-EBF5-48B6-8C03-775A50C0A6A7}.Debug|Any CPU.ActiveCfg = Debug|Any CPU
		{268B09B8-EBF5-48B6-8C03-775A50C0A6A7}.Debug|Any CPU.Build.0 = Debug|Any CPU
		{268B09B8-EBF5-48B6-8C03-775A50C0A6A7}.Debug|x64.ActiveCfg = Debug|Any CPU
		{268B09B8-EBF5-48B6-8C03-775A50C0A6A7}.Debug|x64.Build.0 = Debug|Any CPU
		{268B09B8-EBF5-48B6-8C03-775A50C0A6A7}.Debug|x86.ActiveCfg = Debug|Any CPU
		{268B09B8-EBF5-48B6-8C03-775A50C0A6A7}.Debug|x86.Build.0 = Debug|Any CPU
		{268B09B8-EBF5-48B6-8C03-775A50C0A6A7}.Release|Any CPU.ActiveCfg = Release|Any CPU
		{268B09B8-EBF5-48B6-8C03-775A50C0A6A7}.Release|Any CPU.Build.0 = Release|Any CPU
		{268B09B8-EBF5-48B6-8C03-775A50C0A6A7}.Release|x64.ActiveCfg = Release|Any CPU
		{268B09B8-EBF5-48B6-8C03-775A50C0A6A7}.Release|x64.Build.0 = Release|Any CPU
		{268B09B8-EBF5-48B6-8C03-775A50C0A6A7}.Release|x86.ActiveCfg = Release|Any CPU
		{268B09B8-EBF5-48B6-8C03-775A50C0A6A7}.Release|x86.Build.0 = Release|Any CPU
		{F4335BD2-8572-4AAD-B3AD-78BC248B5702}.Debug|Any CPU.ActiveCfg = Debug|Any CPU
		{F4335BD2-8572-4AAD-B3AD-78BC248B5702}.Debug|Any CPU.Build.0 = Debug|Any CPU
		{F4335BD2-8572-4AAD-B3AD-78BC248B5702}.Debug|x64.ActiveCfg = Debug|Any CPU
		{F4335BD2-8572-4AAD-B3AD-78BC248B5702}.Debug|x64.Build.0 = Debug|Any CPU
		{F4335BD2-8572-4AAD-B3AD-78BC248B5702}.Debug|x86.ActiveCfg = Debug|Any CPU
		{F4335BD2-8572-4AAD-B3AD-78BC248B5702}.Debug|x86.Build.0 = Debug|Any CPU
		{F4335BD2-8572-4AAD-B3AD-78BC248B5702}.Release|Any CPU.ActiveCfg = Release|Any CPU
		{F4335BD2-8572-4AAD-B3AD-78BC248B5702}.Release|Any CPU.Build.0 = Release|Any CPU
		{F4335BD2-8572-4AAD-B3AD-78BC248B5702}.Release|x64.ActiveCfg = Release|Any CPU
		{F4335BD2-8572-4AAD-B3AD-78BC248B5702}.Release|x64.Build.0 = Release|Any CPU
		{F4335BD2-8572-4AAD-B3AD-78BC248B5702}.Release|x86.ActiveCfg = Release|Any CPU
		{F4335BD2-8572-4AAD-B3AD-78BC248B5702}.Release|x86.Build.0 = Release|Any CPU
	EndGlobalSection
	GlobalSection(SolutionProperties) = preSolution
		HideSolutionNode = FALSE
	EndGlobalSection
EndGlobal
